
Microsoft Visual Studio Solution File, Format Version 12.00
# Visual Studio 15
VisualStudioVersion = 15.0.27130.2036
MinimumVisualStudioVersion = 10.0.40219.1
Project("{FAE04EC0-301F-11D3-BF4B-00C04F79EFBC}") = "TheDailyBugle.iOS", "TheDailyBugle\TheDailyBugle.iOS\TheDailyBugle.iOS.csproj", "{A045208E-218D-4795-901D-84551694AB6A}"
EndProject
Project("{FAE04EC0-301F-11D3-BF4B-00C04F79EFBC}") = "TheDailyBugle.UWP", "TheDailyBugle\TheDailyBugle.UWP\TheDailyBugle.UWP.csproj", "{462C6CF9-BA58-4F3A-94E7-05FAEED99ED5}"
EndProject
Project("{9A19103F-16F7-4668-BE54-9A1E7A4F7556}") = "TheDailyBugle", "TheDailyBugle\TheDailyBugle\TheDailyBugle.csproj", "{CD9CA55E-D26E-4B8E-BDA7-5B42C765AC4E}"
EndProject
Project("{FAE04EC0-301F-11D3-BF4B-00C04F79EFBC}") = "TheDailyBugle.Android", "TheDailyBugle\TheDailyBugle.Android\TheDailyBugle.Android.csproj", "{0BF4CA6A-E0F0-41B4-8F69-678384A0D3D1}"
EndProject
Project("{FAE04EC0-301F-11D3-BF4B-00C04F79EFBC}") = "TheDailyBugle.Test.UnitTests", "TheDailyBugle.Test.UnitTests\TheDailyBugle.Test.UnitTests.csproj", "{CDA27E69-F327-467F-B5C7-D3C60BDEB8A4}"
	ProjectSection(ProjectDependencies) = postProject
		{0BF4CA6A-E0F0-41B4-8F69-678384A0D3D1} = {0BF4CA6A-E0F0-41B4-8F69-678384A0D3D1}
		{A045208E-218D-4795-901D-84551694AB6A} = {A045208E-218D-4795-901D-84551694AB6A}
		{462C6CF9-BA58-4F3A-94E7-05FAEED99ED5} = {462C6CF9-BA58-4F3A-94E7-05FAEED99ED5}
	EndProjectSection
EndProject
Global
	GlobalSection(SolutionConfigurationPlatforms) = preSolution
		Ad-Hoc|Any CPU = Ad-Hoc|Any CPU
		Ad-Hoc|ARM = Ad-Hoc|ARM
		Ad-Hoc|iPhone = Ad-Hoc|iPhone
		Ad-Hoc|iPhoneSimulator = Ad-Hoc|iPhoneSimulator
		Ad-Hoc|x64 = Ad-Hoc|x64
		Ad-Hoc|x86 = Ad-Hoc|x86
		AppStore|Any CPU = AppStore|Any CPU
		AppStore|ARM = AppStore|ARM
		AppStore|iPhone = AppStore|iPhone
		AppStore|iPhoneSimulator = AppStore|iPhoneSimulator
		AppStore|x64 = AppStore|x64
		AppStore|x86 = AppStore|x86
		Debug|Any CPU = Debug|Any CPU
		Debug|ARM = Debug|ARM
		Debug|iPhone = Debug|iPhone
		Debug|iPhoneSimulator = Debug|iPhoneSimulator
		Debug|x64 = Debug|x64
		Debug|x86 = Debug|x86
		Release|Any CPU = Release|Any CPU
		Release|ARM = Release|ARM
		Release|iPhone = Release|iPhone
		Release|iPhoneSimulator = Release|iPhoneSimulator
		Release|x64 = Release|x64
		Release|x86 = Release|x86
	EndGlobalSection
	GlobalSection(ProjectConfigurationPlatforms) = postSolution
		{A045208E-218D-4795-901D-84551694AB6A}.Ad-Hoc|Any CPU.ActiveCfg = Ad-Hoc|iPhone
		{A045208E-218D-4795-901D-84551694AB6A}.Ad-Hoc|ARM.ActiveCfg = Ad-Hoc|iPhone
		{A045208E-218D-4795-901D-84551694AB6A}.Ad-Hoc|iPhone.ActiveCfg = Ad-Hoc|iPhone
		{A045208E-218D-4795-901D-84551694AB6A}.Ad-Hoc|iPhone.Build.0 = Ad-Hoc|iPhone
		{A045208E-218D-4795-901D-84551694AB6A}.Ad-Hoc|iPhoneSimulator.ActiveCfg = Ad-Hoc|iPhoneSimulator
		{A045208E-218D-4795-901D-84551694AB6A}.Ad-Hoc|iPhoneSimulator.Build.0 = Ad-Hoc|iPhoneSimulator
		{A045208E-218D-4795-901D-84551694AB6A}.Ad-Hoc|x64.ActiveCfg = Ad-Hoc|iPhone
		{A045208E-218D-4795-901D-84551694AB6A}.Ad-Hoc|x86.ActiveCfg = Ad-Hoc|iPhone
		{A045208E-218D-4795-901D-84551694AB6A}.AppStore|Any CPU.ActiveCfg = AppStore|iPhone
		{A045208E-218D-4795-901D-84551694AB6A}.AppStore|ARM.ActiveCfg = AppStore|iPhone
		{A045208E-218D-4795-901D-84551694AB6A}.AppStore|iPhone.ActiveCfg = AppStore|iPhone
		{A045208E-218D-4795-901D-84551694AB6A}.AppStore|iPhone.Build.0 = AppStore|iPhone
		{A045208E-218D-4795-901D-84551694AB6A}.AppStore|iPhoneSimulator.ActiveCfg = AppStore|iPhoneSimulator
		{A045208E-218D-4795-901D-84551694AB6A}.AppStore|iPhoneSimulator.Build.0 = AppStore|iPhoneSimulator
		{A045208E-218D-4795-901D-84551694AB6A}.AppStore|x64.ActiveCfg = AppStore|iPhone
		{A045208E-218D-4795-901D-84551694AB6A}.AppStore|x86.ActiveCfg = AppStore|iPhone
		{A045208E-218D-4795-901D-84551694AB6A}.Debug|Any CPU.ActiveCfg = Debug|iPhone
		{A045208E-218D-4795-901D-84551694AB6A}.Debug|ARM.ActiveCfg = Debug|iPhone
		{A045208E-218D-4795-901D-84551694AB6A}.Debug|iPhone.ActiveCfg = Debug|iPhone
		{A045208E-218D-4795-901D-84551694AB6A}.Debug|iPhone.Build.0 = Debug|iPhone
		{A045208E-218D-4795-901D-84551694AB6A}.Debug|iPhoneSimulator.ActiveCfg = Debug|iPhoneSimulator
		{A045208E-218D-4795-901D-84551694AB6A}.Debug|iPhoneSimulator.Build.0 = Debug|iPhoneSimulator
		{A045208E-218D-4795-901D-84551694AB6A}.Debug|x64.ActiveCfg = Debug|iPhone
		{A045208E-218D-4795-901D-84551694AB6A}.Debug|x86.ActiveCfg = Debug|iPhone
		{A045208E-218D-4795-901D-84551694AB6A}.Release|Any CPU.ActiveCfg = Release|iPhone
		{A045208E-218D-4795-901D-84551694AB6A}.Release|ARM.ActiveCfg = Release|iPhone
		{A045208E-218D-4795-901D-84551694AB6A}.Release|iPhone.ActiveCfg = Release|iPhone
		{A045208E-218D-4795-901D-84551694AB6A}.Release|iPhone.Build.0 = Release|iPhone
		{A045208E-218D-4795-901D-84551694AB6A}.Release|iPhoneSimulator.ActiveCfg = Release|iPhoneSimulator
		{A045208E-218D-4795-901D-84551694AB6A}.Release|iPhoneSimulator.Build.0 = Release|iPhoneSimulator
		{A045208E-218D-4795-901D-84551694AB6A}.Release|x64.ActiveCfg = Release|iPhone
		{A045208E-218D-4795-901D-84551694AB6A}.Release|x86.ActiveCfg = Release|iPhone
		{462C6CF9-BA58-4F3A-94E7-05FAEED99ED5}.Ad-Hoc|Any CPU.ActiveCfg = Release|x86
		{462C6CF9-BA58-4F3A-94E7-05FAEED99ED5}.Ad-Hoc|Any CPU.Build.0 = Release|x86
		{462C6CF9-BA58-4F3A-94E7-05FAEED99ED5}.Ad-Hoc|Any CPU.Deploy.0 = Release|x86
		{462C6CF9-BA58-4F3A-94E7-05FAEED99ED5}.Ad-Hoc|ARM.ActiveCfg = Release|ARM
		{462C6CF9-BA58-4F3A-94E7-05FAEED99ED5}.Ad-Hoc|ARM.Build.0 = Release|ARM
		{462C6CF9-BA58-4F3A-94E7-05FAEED99ED5}.Ad-Hoc|ARM.Deploy.0 = Release|ARM
		{462C6CF9-BA58-4F3A-94E7-05FAEED99ED5}.Ad-Hoc|iPhone.ActiveCfg = Release|x86
		{462C6CF9-BA58-4F3A-94E7-05FAEED99ED5}.Ad-Hoc|iPhone.Build.0 = Release|x86
		{462C6CF9-BA58-4F3A-94E7-05FAEED99ED5}.Ad-Hoc|iPhone.Deploy.0 = Release|x86
		{462C6CF9-BA58-4F3A-94E7-05FAEED99ED5}.Ad-Hoc|iPhoneSimulator.ActiveCfg = Release|x86
		{462C6CF9-BA58-4F3A-94E7-05FAEED99ED5}.Ad-Hoc|iPhoneSimulator.Build.0 = Release|x86
		{462C6CF9-BA58-4F3A-94E7-05FAEED99ED5}.Ad-Hoc|iPhoneSimulator.Deploy.0 = Release|x86
		{462C6CF9-BA58-4F3A-94E7-05FAEED99ED5}.Ad-Hoc|x64.ActiveCfg = Release|x64
		{462C6CF9-BA58-4F3A-94E7-05FAEED99ED5}.Ad-Hoc|x64.Build.0 = Release|x64
		{462C6CF9-BA58-4F3A-94E7-05FAEED99ED5}.Ad-Hoc|x64.Deploy.0 = Release|x64
		{462C6CF9-BA58-4F3A-94E7-05FAEED99ED5}.Ad-Hoc|x86.ActiveCfg = Release|x86
		{462C6CF9-BA58-4F3A-94E7-05FAEED99ED5}.Ad-Hoc|x86.Build.0 = Release|x86
		{462C6CF9-BA58-4F3A-94E7-05FAEED99ED5}.Ad-Hoc|x86.Deploy.0 = Release|x86
		{462C6CF9-BA58-4F3A-94E7-05FAEED99ED5}.AppStore|Any CPU.ActiveCfg = Release|x86
		{462C6CF9-BA58-4F3A-94E7-05FAEED99ED5}.AppStore|Any CPU.Build.0 = Release|x86
		{462C6CF9-BA58-4F3A-94E7-05FAEED99ED5}.AppStore|Any CPU.Deploy.0 = Release|x86
		{462C6CF9-BA58-4F3A-94E7-05FAEED99ED5}.AppStore|ARM.ActiveCfg = Release|ARM
		{462C6CF9-BA58-4F3A-94E7-05FAEED99ED5}.AppStore|ARM.Build.0 = Release|ARM
		{462C6CF9-BA58-4F3A-94E7-05FAEED99ED5}.AppStore|ARM.Deploy.0 = Release|ARM
		{462C6CF9-BA58-4F3A-94E7-05FAEED99ED5}.AppStore|iPhone.ActiveCfg = Release|x86
		{462C6CF9-BA58-4F3A-94E7-05FAEED99ED5}.AppStore|iPhone.Build.0 = Release|x86
		{462C6CF9-BA58-4F3A-94E7-05FAEED99ED5}.AppStore|iPhone.Deploy.0 = Release|x86
		{462C6CF9-BA58-4F3A-94E7-05FAEED99ED5}.AppStore|iPhoneSimulator.ActiveCfg = Release|x86
		{462C6CF9-BA58-4F3A-94E7-05FAEED99ED5}.AppStore|iPhoneSimulator.Build.0 = Release|x86
		{462C6CF9-BA58-4F3A-94E7-05FAEED99ED5}.AppStore|iPhoneSimulator.Deploy.0 = Release|x86
		{462C6CF9-BA58-4F3A-94E7-05FAEED99ED5}.AppStore|x64.ActiveCfg = Release|x64
		{462C6CF9-BA58-4F3A-94E7-05FAEED99ED5}.AppStore|x64.Build.0 = Release|x64
		{462C6CF9-BA58-4F3A-94E7-05FAEED99ED5}.AppStore|x64.Deploy.0 = Release|x64
		{462C6CF9-BA58-4F3A-94E7-05FAEED99ED5}.AppStore|x86.ActiveCfg = Release|x86
		{462C6CF9-BA58-4F3A-94E7-05FAEED99ED5}.AppStore|x86.Build.0 = Release|x86
		{462C6CF9-BA58-4F3A-94E7-05FAEED99ED5}.AppStore|x86.Deploy.0 = Release|x86
		{462C6CF9-BA58-4F3A-94E7-05FAEED99ED5}.Debug|Any CPU.ActiveCfg = Debug|x86
		{462C6CF9-BA58-4F3A-94E7-05FAEED99ED5}.Debug|ARM.ActiveCfg = Debug|ARM
		{462C6CF9-BA58-4F3A-94E7-05FAEED99ED5}.Debug|ARM.Build.0 = Debug|ARM
		{462C6CF9-BA58-4F3A-94E7-05FAEED99ED5}.Debug|ARM.Deploy.0 = Debug|ARM
		{462C6CF9-BA58-4F3A-94E7-05FAEED99ED5}.Debug|iPhone.ActiveCfg = Debug|x86
		{462C6CF9-BA58-4F3A-94E7-05FAEED99ED5}.Debug|iPhoneSimulator.ActiveCfg = Debug|x86
		{462C6CF9-BA58-4F3A-94E7-05FAEED99ED5}.Debug|x64.ActiveCfg = Debug|x64
		{462C6CF9-BA58-4F3A-94E7-05FAEED99ED5}.Debug|x64.Build.0 = Debug|x64
		{462C6CF9-BA58-4F3A-94E7-05FAEED99ED5}.Debug|x64.Deploy.0 = Debug|x64
		{462C6CF9-BA58-4F3A-94E7-05FAEED99ED5}.Debug|x86.ActiveCfg = Debug|x86
		{462C6CF9-BA58-4F3A-94E7-05FAEED99ED5}.Debug|x86.Build.0 = Debug|x86
		{462C6CF9-BA58-4F3A-94E7-05FAEED99ED5}.Debug|x86.Deploy.0 = Debug|x86
		{462C6CF9-BA58-4F3A-94E7-05FAEED99ED5}.Release|Any CPU.ActiveCfg = Release|x86
		{462C6CF9-BA58-4F3A-94E7-05FAEED99ED5}.Release|ARM.ActiveCfg = Release|ARM
		{462C6CF9-BA58-4F3A-94E7-05FAEED99ED5}.Release|ARM.Build.0 = Release|ARM
		{462C6CF9-BA58-4F3A-94E7-05FAEED99ED5}.Release|ARM.Deploy.0 = Release|ARM
		{462C6CF9-BA58-4F3A-94E7-05FAEED99ED5}.Release|iPhone.ActiveCfg = Release|x86
		{462C6CF9-BA58-4F3A-94E7-05FAEED99ED5}.Release|iPhoneSimulator.ActiveCfg = Release|x86
		{462C6CF9-BA58-4F3A-94E7-05FAEED99ED5}.Release|x64.ActiveCfg = Release|x64
		{462C6CF9-BA58-4F3A-94E7-05FAEED99ED5}.Release|x64.Build.0 = Release|x64
		{462C6CF9-BA58-4F3A-94E7-05FAEED99ED5}.Release|x64.Deploy.0 = Release|x64
		{462C6CF9-BA58-4F3A-94E7-05FAEED99ED5}.Release|x86.ActiveCfg = Release|x86
		{462C6CF9-BA58-4F3A-94E7-05FAEED99ED5}.Release|x86.Build.0 = Release|x86
		{462C6CF9-BA58-4F3A-94E7-05FAEED99ED5}.Release|x86.Deploy.0 = Release|x86
		{CD9CA55E-D26E-4B8E-BDA7-5B42C765AC4E}.Ad-Hoc|Any CPU.ActiveCfg = Debug|Any CPU
		{CD9CA55E-D26E-4B8E-BDA7-5B42C765AC4E}.Ad-Hoc|Any CPU.Build.0 = Debug|Any CPU
		{CD9CA55E-D26E-4B8E-BDA7-5B42C765AC4E}.Ad-Hoc|ARM.ActiveCfg = Debug|Any CPU
		{CD9CA55E-D26E-4B8E-BDA7-5B42C765AC4E}.Ad-Hoc|ARM.Build.0 = Debug|Any CPU
		{CD9CA55E-D26E-4B8E-BDA7-5B42C765AC4E}.Ad-Hoc|iPhone.ActiveCfg = Debug|Any CPU
		{CD9CA55E-D26E-4B8E-BDA7-5B42C765AC4E}.Ad-Hoc|iPhone.Build.0 = Debug|Any CPU
		{CD9CA55E-D26E-4B8E-BDA7-5B42C765AC4E}.Ad-Hoc|iPhoneSimulator.ActiveCfg = Debug|Any CPU
		{CD9CA55E-D26E-4B8E-BDA7-5B42C765AC4E}.Ad-Hoc|iPhoneSimulator.Build.0 = Debug|Any CPU
		{CD9CA55E-D26E-4B8E-BDA7-5B42C765AC4E}.Ad-Hoc|x64.ActiveCfg = Debug|Any CPU
		{CD9CA55E-D26E-4B8E-BDA7-5B42C765AC4E}.Ad-Hoc|x64.Build.0 = Debug|Any CPU
		{CD9CA55E-D26E-4B8E-BDA7-5B42C765AC4E}.Ad-Hoc|x86.ActiveCfg = Debug|Any CPU
		{CD9CA55E-D26E-4B8E-BDA7-5B42C765AC4E}.Ad-Hoc|x86.Build.0 = Debug|Any CPU
		{CD9CA55E-D26E-4B8E-BDA7-5B42C765AC4E}.AppStore|Any CPU.ActiveCfg = Debug|Any CPU
		{CD9CA55E-D26E-4B8E-BDA7-5B42C765AC4E}.AppStore|Any CPU.Build.0 = Debug|Any CPU
		{CD9CA55E-D26E-4B8E-BDA7-5B42C765AC4E}.AppStore|ARM.ActiveCfg = Debug|Any CPU
		{CD9CA55E-D26E-4B8E-BDA7-5B42C765AC4E}.AppStore|ARM.Build.0 = Debug|Any CPU
		{CD9CA55E-D26E-4B8E-BDA7-5B42C765AC4E}.AppStore|iPhone.ActiveCfg = Debug|Any CPU
		{CD9CA55E-D26E-4B8E-BDA7-5B42C765AC4E}.AppStore|iPhone.Build.0 = Debug|Any CPU
		{CD9CA55E-D26E-4B8E-BDA7-5B42C765AC4E}.AppStore|iPhoneSimulator.ActiveCfg = Debug|Any CPU
		{CD9CA55E-D26E-4B8E-BDA7-5B42C765AC4E}.AppStore|iPhoneSimulator.Build.0 = Debug|Any CPU
		{CD9CA55E-D26E-4B8E-BDA7-5B42C765AC4E}.AppStore|x64.ActiveCfg = Debug|Any CPU
		{CD9CA55E-D26E-4B8E-BDA7-5B42C765AC4E}.AppStore|x64.Build.0 = Debug|Any CPU
		{CD9CA55E-D26E-4B8E-BDA7-5B42C765AC4E}.AppStore|x86.ActiveCfg = Debug|Any CPU
		{CD9CA55E-D26E-4B8E-BDA7-5B42C765AC4E}.AppStore|x86.Build.0 = Debug|Any CPU
		{CD9CA55E-D26E-4B8E-BDA7-5B42C765AC4E}.Debug|Any CPU.ActiveCfg = Debug|Any CPU
		{CD9CA55E-D26E-4B8E-BDA7-5B42C765AC4E}.Debug|Any CPU.Build.0 = Debug|Any CPU
		{CD9CA55E-D26E-4B8E-BDA7-5B42C765AC4E}.Debug|ARM.ActiveCfg = Debug|Any CPU
		{CD9CA55E-D26E-4B8E-BDA7-5B42C765AC4E}.Debug|ARM.Build.0 = Debug|Any CPU
		{CD9CA55E-D26E-4B8E-BDA7-5B42C765AC4E}.Debug|iPhone.ActiveCfg = Debug|Any CPU
		{CD9CA55E-D26E-4B8E-BDA7-5B42C765AC4E}.Debug|iPhone.Build.0 = Debug|Any CPU
		{CD9CA55E-D26E-4B8E-BDA7-5B42C765AC4E}.Debug|iPhoneSimulator.ActiveCfg = Debug|Any CPU
		{CD9CA55E-D26E-4B8E-BDA7-5B42C765AC4E}.Debug|iPhoneSimulator.Build.0 = Debug|Any CPU
		{CD9CA55E-D26E-4B8E-BDA7-5B42C765AC4E}.Debug|x64.ActiveCfg = Debug|Any CPU
		{CD9CA55E-D26E-4B8E-BDA7-5B42C765AC4E}.Debug|x64.Build.0 = Debug|Any CPU
		{CD9CA55E-D26E-4B8E-BDA7-5B42C765AC4E}.Debug|x86.ActiveCfg = Debug|Any CPU
		{CD9CA55E-D26E-4B8E-BDA7-5B42C765AC4E}.Debug|x86.Build.0 = Debug|Any CPU
		{CD9CA55E-D26E-4B8E-BDA7-5B42C765AC4E}.Release|Any CPU.ActiveCfg = Release|Any CPU
		{CD9CA55E-D26E-4B8E-BDA7-5B42C765AC4E}.Release|Any CPU.Build.0 = Release|Any CPU
		{CD9CA55E-D26E-4B8E-BDA7-5B42C765AC4E}.Release|ARM.ActiveCfg = Release|Any CPU
		{CD9CA55E-D26E-4B8E-BDA7-5B42C765AC4E}.Release|ARM.Build.0 = Release|Any CPU
		{CD9CA55E-D26E-4B8E-BDA7-5B42C765AC4E}.Release|iPhone.ActiveCfg = Release|Any CPU
		{CD9CA55E-D26E-4B8E-BDA7-5B42C765AC4E}.Release|iPhone.Build.0 = Release|Any CPU
		{CD9CA55E-D26E-4B8E-BDA7-5B42C765AC4E}.Release|iPhoneSimulator.ActiveCfg = Release|Any CPU
		{CD9CA55E-D26E-4B8E-BDA7-5B42C765AC4E}.Release|iPhoneSimulator.Build.0 = Release|Any CPU
		{CD9CA55E-D26E-4B8E-BDA7-5B42C765AC4E}.Release|x64.ActiveCfg = Release|Any CPU
		{CD9CA55E-D26E-4B8E-BDA7-5B42C765AC4E}.Release|x64.Build.0 = Release|Any CPU
		{CD9CA55E-D26E-4B8E-BDA7-5B42C765AC4E}.Release|x86.ActiveCfg = Release|Any CPU
		{CD9CA55E-D26E-4B8E-BDA7-5B42C765AC4E}.Release|x86.Build.0 = Release|Any CPU
		{0BF4CA6A-E0F0-41B4-8F69-678384A0D3D1}.Ad-Hoc|Any CPU.ActiveCfg = Release|Any CPU
		{0BF4CA6A-E0F0-41B4-8F69-678384A0D3D1}.Ad-Hoc|Any CPU.Build.0 = Release|Any CPU
		{0BF4CA6A-E0F0-41B4-8F69-678384A0D3D1}.Ad-Hoc|Any CPU.Deploy.0 = Release|Any CPU
		{0BF4CA6A-E0F0-41B4-8F69-678384A0D3D1}.Ad-Hoc|ARM.ActiveCfg = Release|Any CPU
		{0BF4CA6A-E0F0-41B4-8F69-678384A0D3D1}.Ad-Hoc|ARM.Build.0 = Release|Any CPU
		{0BF4CA6A-E0F0-41B4-8F69-678384A0D3D1}.Ad-Hoc|ARM.Deploy.0 = Release|Any CPU
		{0BF4CA6A-E0F0-41B4-8F69-678384A0D3D1}.Ad-Hoc|iPhone.ActiveCfg = Release|Any CPU
		{0BF4CA6A-E0F0-41B4-8F69-678384A0D3D1}.Ad-Hoc|iPhone.Build.0 = Release|Any CPU
		{0BF4CA6A-E0F0-41B4-8F69-678384A0D3D1}.Ad-Hoc|iPhone.Deploy.0 = Release|Any CPU
		{0BF4CA6A-E0F0-41B4-8F69-678384A0D3D1}.Ad-Hoc|iPhoneSimulator.ActiveCfg = Release|Any CPU
		{0BF4CA6A-E0F0-41B4-8F69-678384A0D3D1}.Ad-Hoc|iPhoneSimulator.Build.0 = Release|Any CPU
		{0BF4CA6A-E0F0-41B4-8F69-678384A0D3D1}.Ad-Hoc|iPhoneSimulator.Deploy.0 = Release|Any CPU
		{0BF4CA6A-E0F0-41B4-8F69-678384A0D3D1}.Ad-Hoc|x64.ActiveCfg = Release|Any CPU
		{0BF4CA6A-E0F0-41B4-8F69-678384A0D3D1}.Ad-Hoc|x64.Build.0 = Release|Any CPU
		{0BF4CA6A-E0F0-41B4-8F69-678384A0D3D1}.Ad-Hoc|x64.Deploy.0 = Release|Any CPU
		{0BF4CA6A-E0F0-41B4-8F69-678384A0D3D1}.Ad-Hoc|x86.ActiveCfg = Release|Any CPU
		{0BF4CA6A-E0F0-41B4-8F69-678384A0D3D1}.Ad-Hoc|x86.Build.0 = Release|Any CPU
		{0BF4CA6A-E0F0-41B4-8F69-678384A0D3D1}.Ad-Hoc|x86.Deploy.0 = Release|Any CPU
		{0BF4CA6A-E0F0-41B4-8F69-678384A0D3D1}.AppStore|Any CPU.ActiveCfg = Release|Any CPU
		{0BF4CA6A-E0F0-41B4-8F69-678384A0D3D1}.AppStore|Any CPU.Build.0 = Release|Any CPU
		{0BF4CA6A-E0F0-41B4-8F69-678384A0D3D1}.AppStore|Any CPU.Deploy.0 = Release|Any CPU
		{0BF4CA6A-E0F0-41B4-8F69-678384A0D3D1}.AppStore|ARM.ActiveCfg = Release|Any CPU
		{0BF4CA6A-E0F0-41B4-8F69-678384A0D3D1}.AppStore|ARM.Build.0 = Release|Any CPU
		{0BF4CA6A-E0F0-41B4-8F69-678384A0D3D1}.AppStore|ARM.Deploy.0 = Release|Any CPU
		{0BF4CA6A-E0F0-41B4-8F69-678384A0D3D1}.AppStore|iPhone.ActiveCfg = Release|Any CPU
		{0BF4CA6A-E0F0-41B4-8F69-678384A0D3D1}.AppStore|iPhone.Build.0 = Release|Any CPU
		{0BF4CA6A-E0F0-41B4-8F69-678384A0D3D1}.AppStore|iPhone.Deploy.0 = Release|Any CPU
		{0BF4CA6A-E0F0-41B4-8F69-678384A0D3D1}.AppStore|iPhoneSimulator.ActiveCfg = Release|Any CPU
		{0BF4CA6A-E0F0-41B4-8F69-678384A0D3D1}.AppStore|iPhoneSimulator.Build.0 = Release|Any CPU
		{0BF4CA6A-E0F0-41B4-8F69-678384A0D3D1}.AppStore|iPhoneSimulator.Deploy.0 = Release|Any CPU
		{0BF4CA6A-E0F0-41B4-8F69-678384A0D3D1}.AppStore|x64.ActiveCfg = Release|Any CPU
		{0BF4CA6A-E0F0-41B4-8F69-678384A0D3D1}.AppStore|x64.Build.0 = Release|Any CPU
		{0BF4CA6A-E0F0-41B4-8F69-678384A0D3D1}.AppStore|x64.Deploy.0 = Release|Any CPU
		{0BF4CA6A-E0F0-41B4-8F69-678384A0D3D1}.AppStore|x86.ActiveCfg = Release|Any CPU
		{0BF4CA6A-E0F0-41B4-8F69-678384A0D3D1}.AppStore|x86.Build.0 = Release|Any CPU
		{0BF4CA6A-E0F0-41B4-8F69-678384A0D3D1}.AppStore|x86.Deploy.0 = Release|Any CPU
		{0BF4CA6A-E0F0-41B4-8F69-678384A0D3D1}.Debug|Any CPU.ActiveCfg = Debug|Any CPU
		{0BF4CA6A-E0F0-41B4-8F69-678384A0D3D1}.Debug|Any CPU.Build.0 = Debug|Any CPU
		{0BF4CA6A-E0F0-41B4-8F69-678384A0D3D1}.Debug|Any CPU.Deploy.0 = Debug|Any CPU
		{0BF4CA6A-E0F0-41B4-8F69-678384A0D3D1}.Debug|ARM.ActiveCfg = Debug|Any CPU
		{0BF4CA6A-E0F0-41B4-8F69-678384A0D3D1}.Debug|ARM.Build.0 = Debug|Any CPU
		{0BF4CA6A-E0F0-41B4-8F69-678384A0D3D1}.Debug|ARM.Deploy.0 = Debug|Any CPU
		{0BF4CA6A-E0F0-41B4-8F69-678384A0D3D1}.Debug|iPhone.ActiveCfg = Debug|Any CPU
		{0BF4CA6A-E0F0-41B4-8F69-678384A0D3D1}.Debug|iPhone.Build.0 = Debug|Any CPU
		{0BF4CA6A-E0F0-41B4-8F69-678384A0D3D1}.Debug|iPhone.Deploy.0 = Debug|Any CPU
		{0BF4CA6A-E0F0-41B4-8F69-678384A0D3D1}.Debug|iPhoneSimulator.ActiveCfg = Debug|Any CPU
		{0BF4CA6A-E0F0-41B4-8F69-678384A0D3D1}.Debug|iPhoneSimulator.Build.0 = Debug|Any CPU
		{0BF4CA6A-E0F0-41B4-8F69-678384A0D3D1}.Debug|iPhoneSimulator.Deploy.0 = Debug|Any CPU
		{0BF4CA6A-E0F0-41B4-8F69-678384A0D3D1}.Debug|x64.ActiveCfg = Debug|Any CPU
		{0BF4CA6A-E0F0-41B4-8F69-678384A0D3D1}.Debug|x64.Build.0 = Debug|Any CPU
		{0BF4CA6A-E0F0-41B4-8F69-678384A0D3D1}.Debug|x64.Deploy.0 = Debug|Any CPU
		{0BF4CA6A-E0F0-41B4-8F69-678384A0D3D1}.Debug|x86.ActiveCfg = Debug|Any CPU
		{0BF4CA6A-E0F0-41B4-8F69-678384A0D3D1}.Debug|x86.Build.0 = Debug|Any CPU
		{0BF4CA6A-E0F0-41B4-8F69-678384A0D3D1}.Debug|x86.Deploy.0 = Debug|Any CPU
		{0BF4CA6A-E0F0-41B4-8F69-678384A0D3D1}.Release|Any CPU.ActiveCfg = Release|Any CPU
		{0BF4CA6A-E0F0-41B4-8F69-678384A0D3D1}.Release|Any CPU.Build.0 = Release|Any CPU
		{0BF4CA6A-E0F0-41B4-8F69-678384A0D3D1}.Release|Any CPU.Deploy.0 = Release|Any CPU
		{0BF4CA6A-E0F0-41B4-8F69-678384A0D3D1}.Release|ARM.ActiveCfg = Release|Any CPU
		{0BF4CA6A-E0F0-41B4-8F69-678384A0D3D1}.Release|ARM.Build.0 = Release|Any CPU
		{0BF4CA6A-E0F0-41B4-8F69-678384A0D3D1}.Release|ARM.Deploy.0 = Release|Any CPU
		{0BF4CA6A-E0F0-41B4-8F69-678384A0D3D1}.Release|iPhone.ActiveCfg = Release|Any CPU
		{0BF4CA6A-E0F0-41B4-8F69-678384A0D3D1}.Release|iPhone.Build.0 = Release|Any CPU
		{0BF4CA6A-E0F0-41B4-8F69-678384A0D3D1}.Release|iPhone.Deploy.0 = Release|Any CPU
		{0BF4CA6A-E0F0-41B4-8F69-678384A0D3D1}.Release|iPhoneSimulator.ActiveCfg = Release|Any CPU
		{0BF4CA6A-E0F0-41B4-8F69-678384A0D3D1}.Release|iPhoneSimulator.Build.0 = Release|Any CPU
		{0BF4CA6A-E0F0-41B4-8F69-678384A0D3D1}.Release|iPhoneSimulator.Deploy.0 = Release|Any CPU
		{0BF4CA6A-E0F0-41B4-8F69-678384A0D3D1}.Release|x64.ActiveCfg = Release|Any CPU
		{0BF4CA6A-E0F0-41B4-8F69-678384A0D3D1}.Release|x64.Build.0 = Release|Any CPU
		{0BF4CA6A-E0F0-41B4-8F69-678384A0D3D1}.Release|x64.Deploy.0 = Release|Any CPU
		{0BF4CA6A-E0F0-41B4-8F69-678384A0D3D1}.Release|x86.ActiveCfg = Release|Any CPU
		{0BF4CA6A-E0F0-41B4-8F69-678384A0D3D1}.Release|x86.Build.0 = Release|Any CPU
		{0BF4CA6A-E0F0-41B4-8F69-678384A0D3D1}.Release|x86.Deploy.0 = Release|Any CPU
		{CDA27E69-F327-467F-B5C7-D3C60BDEB8A4}.Ad-Hoc|Any CPU.ActiveCfg = Release|Any CPU
		{CDA27E69-F327-467F-B5C7-D3C60BDEB8A4}.Ad-Hoc|Any CPU.Build.0 = Release|Any CPU
		{CDA27E69-F327-467F-B5C7-D3C60BDEB8A4}.Ad-Hoc|ARM.ActiveCfg = Release|Any CPU
		{CDA27E69-F327-467F-B5C7-D3C60BDEB8A4}.Ad-Hoc|ARM.Build.0 = Release|Any CPU
		{CDA27E69-F327-467F-B5C7-D3C60BDEB8A4}.Ad-Hoc|iPhone.ActiveCfg = Release|Any CPU
		{CDA27E69-F327-467F-B5C7-D3C60BDEB8A4}.Ad-Hoc|iPhone.Build.0 = Release|Any CPU
		{CDA27E69-F327-467F-B5C7-D3C60BDEB8A4}.Ad-Hoc|iPhoneSimulator.ActiveCfg = Release|Any CPU
		{CDA27E69-F327-467F-B5C7-D3C60BDEB8A4}.Ad-Hoc|iPhoneSimulator.Build.0 = Release|Any CPU
		{CDA27E69-F327-467F-B5C7-D3C60BDEB8A4}.Ad-Hoc|x64.ActiveCfg = Release|Any CPU
		{CDA27E69-F327-467F-B5C7-D3C60BDEB8A4}.Ad-Hoc|x64.Build.0 = Release|Any CPU
		{CDA27E69-F327-467F-B5C7-D3C60BDEB8A4}.Ad-Hoc|x86.ActiveCfg = Release|Any CPU
		{CDA27E69-F327-467F-B5C7-D3C60BDEB8A4}.Ad-Hoc|x86.Build.0 = Release|Any CPU
		{CDA27E69-F327-467F-B5C7-D3C60BDEB8A4}.AppStore|Any CPU.ActiveCfg = Release|Any CPU
		{CDA27E69-F327-467F-B5C7-D3C60BDEB8A4}.AppStore|Any CPU.Build.0 = Release|Any CPU
		{CDA27E69-F327-467F-B5C7-D3C60BDEB8A4}.AppStore|ARM.ActiveCfg = Release|Any CPU
		{CDA27E69-F327-467F-B5C7-D3C60BDEB8A4}.AppStore|ARM.Build.0 = Release|Any CPU
		{CDA27E69-F327-467F-B5C7-D3C60BDEB8A4}.AppStore|iPhone.ActiveCfg = Release|Any CPU
		{CDA27E69-F327-467F-B5C7-D3C60BDEB8A4}.AppStore|iPhone.Build.0 = Release|Any CPU
		{CDA27E69-F327-467F-B5C7-D3C60BDEB8A4}.AppStore|iPhoneSimulator.ActiveCfg = Release|Any CPU
		{CDA27E69-F327-467F-B5C7-D3C60BDEB8A4}.AppStore|iPhoneSimulator.Build.0 = Release|Any CPU
		{CDA27E69-F327-467F-B5C7-D3C60BDEB8A4}.AppStore|x64.ActiveCfg = Release|Any CPU
		{CDA27E69-F327-467F-B5C7-D3C60BDEB8A4}.AppStore|x64.Build.0 = Release|Any CPU
		{CDA27E69-F327-467F-B5C7-D3C60BDEB8A4}.AppStore|x86.ActiveCfg = Release|Any CPU
		{CDA27E69-F327-467F-B5C7-D3C60BDEB8A4}.AppStore|x86.Build.0 = Release|Any CPU
		{CDA27E69-F327-467F-B5C7-D3C60BDEB8A4}.Debug|Any CPU.ActiveCfg = Debug|Any CPU
		{CDA27E69-F327-467F-B5C7-D3C60BDEB8A4}.Debug|Any CPU.Build.0 = Debug|Any CPU
		{CDA27E69-F327-467F-B5C7-D3C60BDEB8A4}.Debug|ARM.ActiveCfg = Debug|Any CPU
		{CDA27E69-F327-467F-B5C7-D3C60BDEB8A4}.Debug|ARM.Build.0 = Debug|Any CPU
		{CDA27E69-F327-467F-B5C7-D3C60BDEB8A4}.Debug|iPhone.ActiveCfg = Debug|Any CPU
		{CDA27E69-F327-467F-B5C7-D3C60BDEB8A4}.Debug|iPhone.Build.0 = Debug|Any CPU
		{CDA27E69-F327-467F-B5C7-D3C60BDEB8A4}.Debug|iPhoneSimulator.ActiveCfg = Debug|Any CPU
		{CDA27E69-F327-467F-B5C7-D3C60BDEB8A4}.Debug|iPhoneSimulator.Build.0 = Debug|Any CPU
		{CDA27E69-F327-467F-B5C7-D3C60BDEB8A4}.Debug|x64.ActiveCfg = Debug|Any CPU
		{CDA27E69-F327-467F-B5C7-D3C60BDEB8A4}.Debug|x64.Build.0 = Debug|Any CPU
		{CDA27E69-F327-467F-B5C7-D3C60BDEB8A4}.Debug|x86.ActiveCfg = Debug|Any CPU
		{CDA27E69-F327-467F-B5C7-D3C60BDEB8A4}.Debug|x86.Build.0 = Debug|Any CPU
		{CDA27E69-F327-467F-B5C7-D3C60BDEB8A4}.Release|Any CPU.ActiveCfg = Release|Any CPU
		{CDA27E69-F327-467F-B5C7-D3C60BDEB8A4}.Release|Any CPU.Build.0 = Release|Any CPU
		{CDA27E69-F327-467F-B5C7-D3C60BDEB8A4}.Release|ARM.ActiveCfg = Release|Any CPU
		{CDA27E69-F327-467F-B5C7-D3C60BDEB8A4}.Release|ARM.Build.0 = Release|Any CPU
		{CDA27E69-F327-467F-B5C7-D3C60BDEB8A4}.Release|iPhone.ActiveCfg = Release|Any CPU
		{CDA27E69-F327-467F-B5C7-D3C60BDEB8A4}.Release|iPhone.Build.0 = Release|Any CPU
		{CDA27E69-F327-467F-B5C7-D3C60BDEB8A4}.Release|iPhoneSimulator.ActiveCfg = Release|Any CPU
		{CDA27E69-F327-467F-B5C7-D3C60BDEB8A4}.Release|iPhoneSimulator.Build.0 = Release|Any CPU
		{CDA27E69-F327-467F-B5C7-D3C60BDEB8A4}.Release|x64.ActiveCfg = Release|Any CPU
		{CDA27E69-F327-467F-B5C7-D3C60BDEB8A4}.Release|x64.Build.0 = Release|Any CPU
		{CDA27E69-F327-467F-B5C7-D3C60BDEB8A4}.Release|x86.ActiveCfg = Release|Any CPU
		{CDA27E69-F327-467F-B5C7-D3C60BDEB8A4}.Release|x86.Build.0 = Release|Any CPU
	EndGlobalSection
	GlobalSection(SolutionProperties) = preSolution
		HideSolutionNode = FALSE
	EndGlobalSection
	GlobalSection(ExtensibilityGlobals) = postSolution
		SolutionGuid = {CBA9B2A3-2B77-4A2B-9EE8-23829E16FAD7}
	EndGlobalSection
EndGlobal
